
Microsoft Visual Studio Solution File, Format Version 12.00
# Visual Studio Version 16
VisualStudioVersion = 16.0.29025.244
MinimumVisualStudioVersion = 10.0.40219.1
Project("{FAE04EC0-301F-11D3-BF4B-00C04F79EFBC}") = "JooleJoole", "JooleJoole\JooleJoole.csproj", "{A49104DD-8505-4944-BC3D-6DAA84D2C118}"
EndProject
Global
	GlobalSection(SolutionConfigurationPlatforms) = preSolution
		Debug|Any CPU = Debug|Any CPU
		Release|Any CPU = Release|Any CPU
	EndGlobalSection
	GlobalSection(ProjectConfigurationPlatforms) = postSolution
		{A49104DD-8505-4944-BC3D-6DAA84D2C118}.Debug|Any CPU.ActiveCfg = Debug|Any CPU
		{A49104DD-8505-4944-BC3D-6DAA84D2C118}.Debug|Any CPU.Build.0 = Debug|Any CPU
		{A49104DD-8505-4944-BC3D-6DAA84D2C118}.Release|Any CPU.ActiveCfg = Release|Any CPU
		{A49104DD-8505-4944-BC3D-6DAA84D2C118}.Release|Any CPU.Build.0 = Release|Any CPU
	EndGlobalSection
	GlobalSection(SolutionProperties) = preSolution
		HideSolutionNode = FALSE
	EndGlobalSection
	GlobalSection(ExtensibilityGlobals) = postSolution
		SolutionGuid = {911C80EC-BE28-4352-AC01-B8913B6D81B8}
	EndGlobalSection
EndGlobal
